{
  "name": "befunc",
  "version": "1.0.0",
  "lockfileVersion": 3,
  "requires": true,
  "packages": {
    "": {
      "name": "befunc",
      "version": "1.0.0",
      "license": "MIT",
      "dependencies": {
        "befunc": "^1.0.0"
      },
      "devDependencies": {}
    },
    "node_modules/befunc": {
      "version": "1.0.0",
      "resolved": "https://registry.npmjs.org/befunc/-/befunc-1.0.0.tgz",
      "integrity": "sha512-U2+hg+v0sqbuY8kYe09pQmdomG7U2pcX1PuwF3wQPI/AB2SoBc4BvwLv5X7KVC7CDXRFVHbYL1Bgv0kN99pJkQ=="
    }
  }
}
